
Microsoft Visual Studio Solution File, Format Version 12.00
# Visual Studio Version 17
VisualStudioVersion = 17.5.33312.197
MinimumVisualStudioVersion = 10.0.40219.1
Project("{9A19103F-16F7-4668-BE54-9A1E7A4F7556}") = "plane", "plane\plane.csproj", "{DC6E8283-5A50-4A52-A5C8-56070A10AFA5}"
EndProject
Project("{9A19103F-16F7-4668-BE54-9A1E7A4F7556}") = "PlaneTestProject", "PlaneTestProject\PlaneTestProject.csproj", "{FD1DBF07-D816-4F51-BA47-4D014E2ADC2E}"
EndProject
Project("{2150E333-8FDC-42A3-9474-1A3956D46DE8}") = "Solution Items", "Solution Items", "{2CE84760-D8F3-4DBD-BBFD-F52C2E9EC622}"
	ProjectSection(SolutionItems) = preProject
		.editorconfig = .editorconfig
	EndProjectSection
EndProject
Project("{FAE04EC0-301F-11D3-BF4B-00C04F79EFBC}") = "plane.Generators", "plane.Generators\plane.Generators.csproj", "{02C33150-F957-44C2-9968-4FA451D45081}"
EndProject
Global
	GlobalSection(SolutionConfigurationPlatforms) = preSolution
		Debug|Any CPU = Debug|Any CPU
		Release|Any CPU = Release|Any CPU
	EndGlobalSection
	GlobalSection(ProjectConfigurationPlatforms) = postSolution
		{DC6E8283-5A50-4A52-A5C8-56070A10AFA5}.Debug|Any CPU.ActiveCfg = Debug|Any CPU
		{DC6E8283-5A50-4A52-A5C8-56070A10AFA5}.Debug|Any CPU.Build.0 = Debug|Any CPU
		{DC6E8283-5A50-4A52-A5C8-56070A10AFA5}.Release|Any CPU.ActiveCfg = Release|Any CPU
		{DC6E8283-5A50-4A52-A5C8-56070A10AFA5}.Release|Any CPU.Build.0 = Release|Any CPU
		{FD1DBF07-D816-4F51-BA47-4D014E2ADC2E}.Debug|Any CPU.ActiveCfg = Debug|Any CPU
		{FD1DBF07-D816-4F51-BA47-4D014E2ADC2E}.Debug|Any CPU.Build.0 = Debug|Any CPU
		{FD1DBF07-D816-4F51-BA47-4D014E2ADC2E}.Release|Any CPU.ActiveCfg = Release|Any CPU
		{FD1DBF07-D816-4F51-BA47-4D014E2ADC2E}.Release|Any CPU.Build.0 = Release|Any CPU
		{02C33150-F957-44C2-9968-4FA451D45081}.Debug|Any CPU.ActiveCfg = Debug|Any CPU
		{02C33150-F957-44C2-9968-4FA451D45081}.Debug|Any CPU.Build.0 = Debug|Any CPU
		{02C33150-F957-44C2-9968-4FA451D45081}.Release|Any CPU.ActiveCfg = Release|Any CPU
		{02C33150-F957-44C2-9968-4FA451D45081}.Release|Any CPU.Build.0 = Release|Any CPU
	EndGlobalSection
	GlobalSection(SolutionProperties) = preSolution
		HideSolutionNode = FALSE
	EndGlobalSection
	GlobalSection(ExtensibilityGlobals) = postSolution
		SolutionGuid = {305492A9-EF10-45A2-BFBD-6BA34731931A}
	EndGlobalSection
EndGlobal
